
Microsoft Visual Studio Solution File, Format Version 11.00
# Visual Studio 2010
Project("{FAE04EC0-301F-11D3-BF4B-00C04F79EFBC}") = "ugk-game-common", "ugk-game-common.csproj", "{dae5614a-1b4a-c73e-3edf-f6ae25ebb684}"
EndProject
Project("{FAE04EC0-301F-11D3-BF4B-00C04F79EFBC}") = "ugk-game-galactic-kittens", "ugk-game-galactic-kittens.csproj", "{815a087e-695a-8690-eac0-88c89d24ab88}"
EndProject
Project("{FAE04EC0-301F-11D3-BF4B-00C04F79EFBC}") = "Assembly-CSharp-firstpass", "Assembly-CSharp-firstpass.csproj", "{681fd712-a997-deb3-824e-114302e43048}"
EndProject
Global
	GlobalSection(SolutionConfigurationPlatforms) = preSolution
		Debug|Any CPU = Debug|Any CPU
	EndGlobalSection
	GlobalSection(ProjectConfigurationPlatforms) = postSolution
		{dae5614a-1b4a-c73e-3edf-f6ae25ebb684}.Debug|Any CPU.ActiveCfg = Debug|Any CPU
		{dae5614a-1b4a-c73e-3edf-f6ae25ebb684}.Debug|Any CPU.Build.0 = Debug|Any CPU
		{815a087e-695a-8690-eac0-88c89d24ab88}.Debug|Any CPU.ActiveCfg = Debug|Any CPU
		{815a087e-695a-8690-eac0-88c89d24ab88}.Debug|Any CPU.Build.0 = Debug|Any CPU
		{681fd712-a997-deb3-824e-114302e43048}.Debug|Any CPU.ActiveCfg = Debug|Any CPU
		{681fd712-a997-deb3-824e-114302e43048}.Debug|Any CPU.Build.0 = Debug|Any CPU
	EndGlobalSection
	GlobalSection(SolutionProperties) = preSolution
		HideSolutionNode = FALSE
	EndGlobalSection
EndGlobal
